
Microsoft Visual Studio Solution File, Format Version 12.00
# Visual Studio Version 17
VisualStudioVersion = 17.6.33513.286
MinimumVisualStudioVersion = 10.0.40219.1
Project("{9A19103F-16F7-4668-BE54-9A1E7A4F7556}") = "BannerKings.Turkish", "BannerKings.Turkish.csproj", "{90CD2D3B-FE2C-4CDF-BB72-BECCA05DD5BE}"
EndProject
Global
	GlobalSection(SolutionConfigurationPlatforms) = preSolution
		Debug|x64 = Debug|x64
		Release|x64 = Release|x64
	EndGlobalSection
	GlobalSection(ProjectConfigurationPlatforms) = postSolution
		{90CD2D3B-FE2C-4CDF-BB72-BECCA05DD5BE}.Debug|x64.ActiveCfg = Debug|Any CPU
		{90CD2D3B-FE2C-4CDF-BB72-BECCA05DD5BE}.Debug|x64.Build.0 = Debug|Any CPU
		{90CD2D3B-FE2C-4CDF-BB72-BECCA05DD5BE}.Release|x64.ActiveCfg = Release|x64
		{90CD2D3B-FE2C-4CDF-BB72-BECCA05DD5BE}.Release|x64.Build.0 = Release|x64
	EndGlobalSection
	GlobalSection(SolutionProperties) = preSolution
		HideSolutionNode = FALSE
	EndGlobalSection
	GlobalSection(ExtensibilityGlobals) = postSolution
		SolutionGuid = {3FD21620-DE0B-42D6-9845-C9DC0B4448BC}
	EndGlobalSection
EndGlobal
